
Microsoft Visual Studio Solution File, Format Version 12.00
# Visual Studio 15
VisualStudioVersion = 15.0.27703.2035
MinimumVisualStudioVersion = 10.0.40219.1
Project("{9A19103F-16F7-4668-BE54-9A1E7A4F7556}") = "DataAccess", "DataAccess\DataAccess.csproj", "{2232376B-9F40-4396-82D0-81B59B27512D}"
EndProject
Project("{9A19103F-16F7-4668-BE54-9A1E7A4F7556}") = "Entities", "Entities\Entities.csproj", "{7BE48BA7-9EFD-4225-AF00-0E41394FB8EE}"
EndProject
Project("{9A19103F-16F7-4668-BE54-9A1E7A4F7556}") = "Business", "Business\Business.csproj", "{E7CB2AA6-8F54-43AF-8737-2858F37E9E53}"
EndProject
Project("{FAE04EC0-301F-11D3-BF4B-00C04F79EFBC}") = "ConsoleApp2", "ConsoleApp2\ConsoleApp2.csproj", "{31C36186-FA16-47D6-9D2F-C98BD5F234E1}"
EndProject
Global
	GlobalSection(SolutionConfigurationPlatforms) = preSolution
		Debug|Any CPU = Debug|Any CPU
		Release|Any CPU = Release|Any CPU
	EndGlobalSection
	GlobalSection(ProjectConfigurationPlatforms) = postSolution
		{2232376B-9F40-4396-82D0-81B59B27512D}.Debug|Any CPU.ActiveCfg = Debug|Any CPU
		{2232376B-9F40-4396-82D0-81B59B27512D}.Debug|Any CPU.Build.0 = Debug|Any CPU
		{2232376B-9F40-4396-82D0-81B59B27512D}.Release|Any CPU.ActiveCfg = Release|Any CPU
		{2232376B-9F40-4396-82D0-81B59B27512D}.Release|Any CPU.Build.0 = Release|Any CPU
		{7BE48BA7-9EFD-4225-AF00-0E41394FB8EE}.Debug|Any CPU.ActiveCfg = Debug|Any CPU
		{7BE48BA7-9EFD-4225-AF00-0E41394FB8EE}.Debug|Any CPU.Build.0 = Debug|Any CPU
		{7BE48BA7-9EFD-4225-AF00-0E41394FB8EE}.Release|Any CPU.ActiveCfg = Release|Any CPU
		{7BE48BA7-9EFD-4225-AF00-0E41394FB8EE}.Release|Any CPU.Build.0 = Release|Any CPU
		{E7CB2AA6-8F54-43AF-8737-2858F37E9E53}.Debug|Any CPU.ActiveCfg = Debug|Any CPU
		{E7CB2AA6-8F54-43AF-8737-2858F37E9E53}.Debug|Any CPU.Build.0 = Debug|Any CPU
		{E7CB2AA6-8F54-43AF-8737-2858F37E9E53}.Release|Any CPU.ActiveCfg = Release|Any CPU
		{E7CB2AA6-8F54-43AF-8737-2858F37E9E53}.Release|Any CPU.Build.0 = Release|Any CPU
		{31C36186-FA16-47D6-9D2F-C98BD5F234E1}.Debug|Any CPU.ActiveCfg = Debug|Any CPU
		{31C36186-FA16-47D6-9D2F-C98BD5F234E1}.Debug|Any CPU.Build.0 = Debug|Any CPU
		{31C36186-FA16-47D6-9D2F-C98BD5F234E1}.Release|Any CPU.ActiveCfg = Release|Any CPU
		{31C36186-FA16-47D6-9D2F-C98BD5F234E1}.Release|Any CPU.Build.0 = Release|Any CPU
	EndGlobalSection
	GlobalSection(SolutionProperties) = preSolution
		HideSolutionNode = FALSE
	EndGlobalSection
	GlobalSection(ExtensibilityGlobals) = postSolution
		SolutionGuid = {787658A6-EE41-4803-9188-AAFE276DC17B}
	EndGlobalSection
EndGlobal
